{
    "_readme": [
        "This file locks the dependencies of your project to a known state",
        "Read more about it at https://getcomposer.org/doc/01-basic-usage.md#composer-lock-the-lock-file",
        "This file is @generated automatically"
    ],
    "content-hash": "d1860d792012333463fa13422c787843",
    "packages": [
        {
            "name": "composer/installers",
            "version": "v1.2.0",
            "source": {
                "type": "git",
                "url": "https://github.com/composer/installers.git",
                "reference": "d78064c68299743e0161004f2de3a0204e33b804"
            },
            "dist": {
                "type": "zip",
                "url": "https://api.github.com/repos/composer/installers/zipball/d78064c68299743e0161004f2de3a0204e33b804",
                "reference": "d78064c68299743e0161004f2de3a0204e33b804",
                "shasum": ""
            },
            "require": {
                "composer-plugin-api": "^1.0"
            },
            "replace": {
                "roundcube/plugin-installer": "*",
                "shama/baton": "*"
            },
            "require-dev": {
                "composer/composer": "1.0.*@dev",
                "phpunit/phpunit": "4.1.*"
            },
            "type": "composer-plugin",
            "extra": {
                "class": "Composer\\Installers\\Plugin",
                "branch-alias": {
                    "dev-master": "1.0-dev"
                }
            },
            "autoload": {
                "psr-4": {
                    "Composer\\Installers\\": "src/Composer/Installers"
                }
            },
            "notification-url": "https://packagist.org/downloads/",
            "license": [
                "MIT"
            ],
            "authors": [
                {
                    "name": "Kyle Robinson Young",
                    "email": "kyle@dontkry.com",
                    "homepage": "https://github.com/shama"
                }
            ],
            "description": "A multi-framework Composer library installer",
            "homepage": "https://composer.github.io/installers/",
            "keywords": [
                "Craft",
                "Dolibarr",
                "Hurad",
                "ImageCMS",
                "MODX Evo",
                "Mautic",
                "OXID",
                "Plentymarkets",
                "RadPHP",
                "SMF",
                "Thelia",
                "WolfCMS",
                "agl",
                "aimeos",
                "annotatecms",
                "attogram",
                "bitrix",
                "cakephp",
                "chef",
                "cockpit",
                "codeigniter",
                "concrete5",
                "croogo",
                "dokuwiki",
                "drupal",
                "elgg",
                "expressionengine",
                "fuelphp",
                "grav",
                "installer",
                "joomla",
                "kohana",
                "laravel",
                "lithium",
                "magento",
                "mako",
                "mediawiki",
                "modulework",
                "moodle",
                "phpbb",
                "piwik",
                "ppi",
                "puppet",
                "reindex",
                "roundcube",
                "shopware",
                "silverstripe",
                "symfony",
                "typo3",
                "wordpress",
                "yawik",
                "zend",
                "zikula"
            ],
            "time": "2016-08-13T20:53:52+00:00"
        },
        {
            "name": "psukhedelos/silverstripe-pocketwatch",
            "version": "dev-master",
            "source": {
                "type": "git",
                "url": "https://github.com/PsukheDelos/silverstripe-pocketwatch.git",
                "reference": "d12a08c414b45d386745b772ccc6ba1f6009b240"
            },
            "dist": {
                "type": "zip",
                "url": "https://api.github.com/repos/PsukheDelos/silverstripe-pocketwatch/zipball/d12a08c414b45d386745b772ccc6ba1f6009b240",
                "reference": "d12a08c414b45d386745b772ccc6ba1f6009b240",
                "shasum": ""
            },
            "require": {
                "psukhedelos/silverstripe-pocketwatch-theme": "*",
                "silverstripe/blog": "~2.2@dev",
                "silverstripe/cms": "~3.1",
                "silverstripe/framework": "~3.1",
                "silverstripe/userforms": "dev-master",
                "undefinedoffset/sortablegridfield": "dev-master"
            },
            "type": "silverstripe-module",
            "extra": {
                "installer-name": "pocketwatch"
            },
            "notification-url": "https://packagist.org/downloads/",
            "license": [
                "BSD-3-Clause"
            ],
            "authors": [
                {
                    "name": "Yar Htut",
                    "email": "yar@silverstripe.com"
                },
                {
                    "name": "Glen Peek",
                    "email": "glen@silverstripe.com"
                }
            ],
            "description": "Helper Module for Pocketwatch Theme",
            "homepage": "https://github.com/PsukheDelos/silverstripe-pocketwatch/",
            "keywords": [
                "module",
                "pocketwatch",
                "recipe",
                "silverstripe"
            ],
            "time": "2016-03-14T23:57:25+00:00"
        },
        {
            "name": "psukhedelos/silverstripe-pocketwatch-theme",
            "version": "dev-master",
            "source": {
                "type": "git",
                "url": "https://github.com/PsukheDelos/silverstripe-pocketwatch-theme.git",
                "reference": "175cad817e80d187c0728cdf1b08b3751903744a"
            },
            "dist": {
                "type": "zip",
                "url": "https://api.github.com/repos/PsukheDelos/silverstripe-pocketwatch-theme/zipball/175cad817e80d187c0728cdf1b08b3751903744a",
                "reference": "175cad817e80d187c0728cdf1b08b3751903744a",
                "shasum": ""
            },
            "require": {
                "psukhedelos/silverstripe-pocketwatch": "*",
                "silverstripe/blog": "~2.2@dev",
                "silverstripe/cms": "~3.1",
                "silverstripe/framework": "~3.1",
                "silverstripe/userforms": "dev-master",
                "undefinedoffset/sortablegridfield": "dev-master"
            },
            "type": "silverstripe-theme",
            "extra": {
                "installer-name": "pocketwatch",
                "screenshots": [
                    "http://i.imgur.com/i3ow7kM.jpg"
                ]
            },
            "notification-url": "https://packagist.org/downloads/",
            "license": [
                "BSD-3-Clause"
            ],
            "authors": [
                {
                    "name": "Yar Htut",
                    "email": "yar@silverstripe.com"
                },
                {
                    "name": "Glen Peek",
                    "email": "glen@silverstripe.com"
                }
            ],
            "description": "A Simple, Responsive Silverstripe Theme",
            "homepage": "https://github.com/PsukheDelos/silverstripe-pocketwatch-theme/",
            "keywords": [
                "bootstrap",
                "pocketwatch",
                "recipe",
                "silverstripe",
                "theme"
            ],
            "time": "2016-03-16T03:43:36+00:00"
        },
        {
            "name": "silverstripe-australia/gridfieldextensions",
            "version": "1.4.2",
            "source": {
                "type": "git",
                "url": "https://github.com/silverstripe-australia/silverstripe-gridfieldextensions.git",
                "reference": "a4d15e4ca428b3a8c96e085a7caaeb25c1f737fe"
            },
            "dist": {
                "type": "zip",
                "url": "https://api.github.com/repos/silverstripe-australia/silverstripe-gridfieldextensions/zipball/a4d15e4ca428b3a8c96e085a7caaeb25c1f737fe",
                "reference": "a4d15e4ca428b3a8c96e085a7caaeb25c1f737fe",
                "shasum": ""
            },
            "require": {
                "silverstripe/framework": "~3.1"
            },
            "replace": {
                "ajshort/silverstripe-gridfieldextensions": "self.version"
            },
            "type": "silverstripe-module",
            "extra": {
                "installer-name": "gridfieldextensions",
                "branch-alias": {
                    "dev-master": "1.4.x-dev"
                },
                "screenshots": [
                    "docs/en/_images/editable-rows.png",
                    "docs/en/_images/add-existing-search.png"
                ]
            },
            "notification-url": "https://packagist.org/downloads/",
            "license": [
                "BSD-3-Clause"
            ],
            "authors": [
                {
                    "name": "Marcus Nyeholt",
                    "email": "marcus@silverstripe.com.au"
                },
                {
                    "name": "Andrew Short",
                    "email": "andrewjshort@gmail.com"
                }
            ],
            "description": "A collection of useful grid field components",
            "homepage": "http://github.com/silverstripe-australia/silverstripe-gridfieldextensions",
            "keywords": [
                "gridfield",
                "silverstripe"
            ],
            "time": "2016-08-19T08:28:30+00:00"
        },
        {
            "name": "silverstripe-themes/simple",
            "version": "3.1.0",
            "source": {
                "type": "git",
                "url": "https://github.com/silverstripe-themes/silverstripe-simple.git",
                "reference": "3cf638c170e649b6b122504c8f62d6d8946b853c"
            },
            "dist": {
                "type": "zip",
                "url": "https://api.github.com/repos/silverstripe-themes/silverstripe-simple/zipball/3cf638c170e649b6b122504c8f62d6d8946b853c",
                "reference": "3cf638c170e649b6b122504c8f62d6d8946b853c",
                "shasum": ""
            },
            "require": {
                "composer/installers": "*",
                "silverstripe/framework": ">=3.0"
            },
            "type": "silverstripe-theme",
            "notification-url": "https://packagist.org/downloads/",
            "license": [
                "BSD-3-Clause"
            ],
            "authors": [
                {
                    "name": "Sara Tušar (Innovaif)",
                    "homepage": "http://www.saratusar.com"
                }
            ],
            "description": "The SilverStripe simple theme (default SilverStripe 3 theme)",
            "keywords": [
                "silverstripe",
                "theme"
            ],
            "time": "2015-04-09T03:18:37+00:00"
        },
        {
            "name": "silverstripe/blog",
            "version": "2.4.5",
            "source": {
                "type": "git",
                "url": "https://github.com/silverstripe/silverstripe-blog.git",
                "reference": "7583e0bcd53dfd61e332f177c99e70b802582d4b"
            },
            "dist": {
                "type": "zip",
                "url": "https://api.github.com/repos/silverstripe/silverstripe-blog/zipball/7583e0bcd53dfd61e332f177c99e70b802582d4b",
                "reference": "7583e0bcd53dfd61e332f177c99e70b802582d4b",
                "shasum": ""
            },
            "require": {
                "silverstripe/cms": "^3.1.0",
                "silverstripe/lumberjack": "~1.1",
                "silverstripe/tagfield": "^1.0"
            },
            "replace": {
                "micmania1/silverstripe-blog": "*"
            },
            "require-dev": {
                "phpunit/phpunit": "~3.7@stable"
            },
            "suggest": {
                "silverstripe/comments": "This module adds comments to your blog.",
                "silverstripe/widgets": "Some widgets come with the blog which are compatible with the widgets module."
            },
            "type": "silverstripe-module",
            "notification-url": "https://packagist.org/downloads/",
            "license": [
                "BSD-2-Clause"
            ],
            "authors": [
                {
                    "name": "Michael Strong",
                    "email": "github@michaelstrong.co.uk"
                }
            ],
            "description": "A fresh take on blogging in Silverstripe set out to tackle the issue of a cluttered Site Tree.",
            "keywords": [
                "blog",
                "news",
                "silverstripe"
            ],
            "time": "2016-11-16T23:39:49+00:00"
        },
        {
            "name": "silverstripe/cms",
            "version": "3.5.3",
            "source": {
                "type": "git",
                "url": "https://github.com/silverstripe/silverstripe-cms.git",
                "reference": "80099f24b76b4ac36d38477f1ad8230208b031cb"
            },
            "dist": {
                "type": "zip",
                "url": "https://api.github.com/repos/silverstripe/silverstripe-cms/zipball/80099f24b76b4ac36d38477f1ad8230208b031cb",
                "reference": "80099f24b76b4ac36d38477f1ad8230208b031cb",
                "shasum": ""
            },
            "require": {
                "composer/installers": "*",
                "php": ">=5.3.3",
                "silverstripe/framework": "~3.4",
                "silverstripe/reports": "~3.4",
                "silverstripe/siteconfig": "~3.4"
            },
            "type": "silverstripe-module",
            "extra": {
                "branch-alias": {
                    "3.x-dev": "3.6.x-dev"
                }
            },
            "autoload": {
                "classmap": [
                    "tests/behat/"
                ]
            },
            "notification-url": "https://packagist.org/downloads/",
            "license": [
                "BSD-3-Clause"
            ],
            "authors": [
                {
                    "name": "SilverStripe",
                    "homepage": "http://silverstripe.com"
                },
                {
                    "name": "The SilverStripe Community",
                    "homepage": "http://silverstripe.org"
                }
            ],
            "description": "The SilverStripe Content Management System",
            "homepage": "http://silverstripe.org",
            "keywords": [
                "cms",
                "silverstripe"
            ],
            "time": "2017-02-20T17:01:15+00:00"
        },
        {
            "name": "silverstripe/framework",
            "version": "3.5.3",
            "source": {
                "type": "git",
                "url": "https://github.com/silverstripe/silverstripe-framework.git",
                "reference": "a2580456bda9ff513cf80227039fc79405908f3f"
            },
            "dist": {
                "type": "zip",
                "url": "https://api.github.com/repos/silverstripe/silverstripe-framework/zipball/a2580456bda9ff513cf80227039fc79405908f3f",
                "reference": "a2580456bda9ff513cf80227039fc79405908f3f",
                "shasum": ""
            },
            "require": {
                "composer/installers": "~1.0",
                "php": ">=5.3.3,<7"
            },
            "require-dev": {
                "phpunit/phpunit": "~3.7"
            },
            "type": "silverstripe-module",
            "extra": {
                "branch-alias": {
                    "3.x-dev": "3.5.x-dev"
                }
            },
            "autoload": {
                "classmap": [
                    "tests/behat/features/bootstrap"
                ]
            },
            "notification-url": "https://packagist.org/downloads/",
            "license": [
                "BSD-3-Clause"
            ],
            "authors": [
                {
                    "name": "SilverStripe",
                    "homepage": "http://silverstripe.com"
                },
                {
                    "name": "The SilverStripe Community",
                    "homepage": "http://silverstripe.org"
                }
            ],
            "description": "The SilverStripe framework",
            "homepage": "http://silverstripe.org",
            "keywords": [
                "framework",
                "silverstripe"
            ],
            "time": "2017-02-20T17:01:16+00:00"
        },
        {
            "name": "silverstripe/lumberjack",
            "version": "1.2.0",
            "source": {
                "type": "git",
                "url": "https://github.com/silverstripe/silverstripe-lumberjack.git",
                "reference": "95c14f19d0de272cdef50885bfdd7f24003a2488"
            },
            "dist": {
                "type": "zip",
                "url": "https://api.github.com/repos/silverstripe/silverstripe-lumberjack/zipball/95c14f19d0de272cdef50885bfdd7f24003a2488",
                "reference": "95c14f19d0de272cdef50885bfdd7f24003a2488",
                "shasum": ""
            },
            "require": {
                "silverstripe/cms": "^3.1",
                "silverstripe/framework": "^3.1"
            },
            "require-dev": {
                "phpunit/phpunit": "~3.7@stable"
            },
            "type": "silverstripe-module",
            "notification-url": "https://packagist.org/downloads/",
            "license": [
                "BSD-2-Clause"
            ],
            "authors": [
                {
                    "name": "Michael Strong",
                    "email": "mstrong@silverstripe.org"
                }
            ],
            "description": "A module to make managing pages in a GridField easy without losing any of the functionality that you're used to in the CMS.",
            "time": "2016-11-16T23:39:49+00:00"
        },
        {
            "name": "silverstripe/reports",
            "version": "3.5.3",
            "source": {
                "type": "git",
                "url": "https://github.com/silverstripe/silverstripe-reports.git",
                "reference": "dcb80241588639aaf42bde7577e79e8b4bff0e23"
            },
            "dist": {
                "type": "zip",
                "url": "https://api.github.com/repos/silverstripe/silverstripe-reports/zipball/dcb80241588639aaf42bde7577e79e8b4bff0e23",
                "reference": "dcb80241588639aaf42bde7577e79e8b4bff0e23",
                "shasum": ""
            },
            "require": {
                "php": ">=5.3.3,<7",
                "silverstripe/framework": "~3.3"
            },
            "require-dev": {
                "phpunit/phpunit": "~3.7"
            },
            "type": "silverstripe-module",
            "extra": {
                "branch-alias": {
                    "3.x-dev": "3.5.x-dev"
                }
            },
            "notification-url": "https://packagist.org/downloads/",
            "license": [
                "BSD-3-Clause"
            ],
            "authors": [
                {
                    "name": "SilverStripe",
                    "homepage": "http://silverstripe.com"
                },
                {
                    "name": "The SilverStripe Community",
                    "homepage": "http://silverstripe.org"
                }
            ],
            "description": "Reports module for SilverStripe CMS",
            "homepage": "http://silverstripe.org",
            "keywords": [
                "cms",
                "reports",
                "silverstripe"
            ],
            "time": "2016-11-28T14:13:29+00:00"
        },
        {
            "name": "silverstripe/segment-field",
            "version": "1.0.3",
            "source": {
                "type": "git",
                "url": "https://github.com/silverstripe/silverstripe-segment-field.git",
                "reference": "0b1445307bac488ddc35d624564f4300e8080029"
            },
            "dist": {
                "type": "zip",
                "url": "https://api.github.com/repos/silverstripe/silverstripe-segment-field/zipball/0b1445307bac488ddc35d624564f4300e8080029",
                "reference": "0b1445307bac488ddc35d624564f4300e8080029",
                "shasum": ""
            },
            "require": {
                "silverstripe/cms": "^3.1",
                "silverstripe/framework": "^3.1"
            },
            "require-dev": {
                "mockery/mockery": "^0.9",
                "phpunit/phpunit": "^3.7"
            },
            "type": "silverstripe-module",
            "autoload": {
                "psr-4": {
                    "SilverStripe\\Forms\\": "code"
                }
            },
            "notification-url": "https://packagist.org/downloads/",
            "license": [
                "MIT"
            ],
            "description": "A reusable approach to segment-generating fields",
            "keywords": [
                "segment",
                "silverstripe"
            ],
            "time": "2015-08-18T04:44:43+00:00"
        },
        {
            "name": "silverstripe/siteconfig",
            "version": "3.5.3",
            "source": {
                "type": "git",
                "url": "https://github.com/silverstripe/silverstripe-siteconfig.git",
                "reference": "875c18cc940aeace6032d37c112333f64deab345"
            },
            "dist": {
                "type": "zip",
                "url": "https://api.github.com/repos/silverstripe/silverstripe-siteconfig/zipball/875c18cc940aeace6032d37c112333f64deab345",
                "reference": "875c18cc940aeace6032d37c112333f64deab345",
                "shasum": ""
            },
            "require": {
                "silverstripe/framework": "*"
            },
            "type": "silverstripe-module",
            "extra": {
                "installer-name": "siteconfig",
                "branch-alias": {
                    "3.x-dev": "3.5.x-dev"
                }
            },
            "autoload": {
                "classmap": [
                    "tests/behat/"
                ]
            },
            "notification-url": "https://packagist.org/downloads/",
            "authors": [
                {
                    "name": "Will Rossiter",
                    "email": "will@fullscreen.io"
                }
            ],
            "description": "Site wide settings administration.",
            "keywords": [
                "silverstripe",
                "siteconfig"
            ],
            "time": "2016-12-22T00:18:45+00:00"
        },
        {
            "name": "silverstripe/tagfield",
            "version": "1.3.2",
            "source": {
                "type": "git",
                "url": "https://github.com/silverstripe/silverstripe-tagfield.git",
                "reference": "00c950eecf07ec279240445a450fd10caa52a31f"
            },
            "dist": {
                "type": "zip",
                "url": "https://api.github.com/repos/silverstripe/silverstripe-tagfield/zipball/00c950eecf07ec279240445a450fd10caa52a31f",
                "reference": "00c950eecf07ec279240445a450fd10caa52a31f",
                "shasum": ""
            },
            "require": {
                "silverstripe/framework": "~3.1"
            },
            "type": "silverstripe-module",
            "extra": {
                "branch-alias": {
                    "dev-master": "1.3.x-dev"
                }
            },
            "notification-url": "https://packagist.org/downloads/",
            "license": [
                "BSD-3-Clause"
            ],
            "authors": [
                {
                    "name": "Christopher Pitt",
                    "email": "chris@silverstripe.com",
                    "homepage": "http://github.com/assertchris"
                }
            ],
            "description": "Tag field for Silverstripe",
            "keywords": [
                "field",
                "silverstripe",
                "tag"
            ],
            "time": "2016-08-22T09:56:00+00:00"
        },
        {
            "name": "silverstripe/userforms",
            "version": "dev-master",
            "source": {
                "type": "git",
                "url": "https://github.com/silverstripe/silverstripe-userforms.git",
                "reference": "84eecb0b76883ca0a817b438a6db2ff930f4a61f"
            },
            "dist": {
                "type": "zip",
                "url": "https://api.github.com/repos/silverstripe/silverstripe-userforms/zipball/84eecb0b76883ca0a817b438a6db2ff930f4a61f",
                "reference": "84eecb0b76883ca0a817b438a6db2ff930f4a61f",
                "shasum": ""
            },
            "require": {
                "silverstripe-australia/gridfieldextensions": "~1.1",
                "silverstripe/cms": "~3.1",
                "silverstripe/framework": "~3.1",
                "silverstripe/segment-field": "^1.0"
            },
            "suggest": {
                "colymba/gridfield-bulk-editing-tools": "Allows for bulk management of form submissions",
                "silverstripe/gridfieldqueuedexport": "Export large submission as CSV through queued jobs in the background",
                "silverstripe/secureassets": "Enables files uploaded via userforms to be secured from public access"
            },
            "type": "silverstripe-module",
            "extra": {
                "branch-alias": {
                    "dev-master": "5.0.x-dev"
                }
            },
            "notification-url": "https://packagist.org/downloads/",
            "license": [
                "BSD-3-Clause"
            ],
            "authors": [
                {
                    "name": "David Craig",
                    "email": "david@silverstripe.com"
                },
                {
                    "name": "Damian Mooyman",
                    "email": "damian@silverstripe.com"
                },
                {
                    "name": "Will Rossiter",
                    "email": "will@fullscreen.io"
                },
                {
                    "name": "Christopher Pitt",
                    "email": "chris@silverstripe.com"
                },
                {
                    "name": "Scott Hutchinson",
                    "email": "scott@silverstripe.com"
                }
            ],
            "description": "UserForms enables CMS users to create dynamic forms via a drag and drop interface and without getting involved in any PHP code",
            "keywords": [
                "silverstripe",
                "userforms"
            ],
            "time": "2017-03-06T17:15:38+00:00"
        },
        {
            "name": "tractorcow/silverstripe-fluent",
            "version": "3.8.1",
            "source": {
                "type": "git",
                "url": "https://github.com/tractorcow/silverstripe-fluent.git",
                "reference": "99384596ffabd9f9454c5278a677aa715c99deb2"
            },
            "dist": {
                "type": "zip",
                "url": "https://api.github.com/repos/tractorcow/silverstripe-fluent/zipball/99384596ffabd9f9454c5278a677aa715c99deb2",
                "reference": "99384596ffabd9f9454c5278a677aa715c99deb2",
                "shasum": ""
            },
            "require": {
                "silverstripe/cms": "~3.2",
                "silverstripe/framework": "~3.2"
            },
            "type": "silverstripe-module",
            "extra": {
                "branch-alias": {
                    "dev-master": "3.8.x-dev"
                },
                "installer-name": "fluent"
            },
            "notification-url": "https://packagist.org/downloads/",
            "license": [
                "BSD-3-Clause"
            ],
            "authors": [
                {
                    "name": "Damian Mooyman",
                    "email": "damian.mooyman@gmail.com"
                }
            ],
            "description": "Simple localisation for Silverstripe",
            "keywords": [
                "i18n",
                "internationalisation",
                "internationalization",
                "language",
                "locale",
                "localisation",
                "localization",
                "multilingual",
                "silverstripe",
                "translatable",
                "translation"
            ],
            "time": "2017-03-28T21:46:53+00:00"
        },
        {
            "name": "undefinedoffset/sortablegridfield",
            "version": "dev-master",
            "source": {
                "type": "git",
                "url": "https://github.com/UndefinedOffset/SortableGridField.git",
                "reference": "94e916b4d91c7c0672a138a6c0a5e82a17c69f91"
            },
            "dist": {
                "type": "zip",
                "url": "https://api.github.com/repos/UndefinedOffset/SortableGridField/zipball/94e916b4d91c7c0672a138a6c0a5e82a17c69f91",
                "reference": "94e916b4d91c7c0672a138a6c0a5e82a17c69f91",
                "shasum": ""
            },
            "require": {
                "composer/installers": "*",
                "silverstripe/framework": ">=3.0.1"
            },
            "type": "silverstripe-module",
            "extra": {
                "installer-name": "sortablegridfield"
            },
            "notification-url": "https://packagist.org/downloads/",
            "license": [
                "BSD-3-Clause"
            ],
            "authors": [
                {
                    "name": "Ed Chipman",
                    "homepage": "http://www.edchipman.ca",
                    "role": "Developer"
                }
            ],
            "description": "Adds drag and drop functionality to SilverStripe 3.0's GridField",
            "keywords": [
                "gridfield",
                "silverstripe"
            ],
            "time": "2016-11-24T14:01:29+00:00"
        }
    ],
    "packages-dev": [
        {
            "name": "phpunit/php-code-coverage",
            "version": "1.2.18",
            "source": {
                "type": "git",
                "url": "https://github.com/sebastianbergmann/php-code-coverage.git",
                "reference": "fe2466802556d3fe4e4d1d58ffd3ccfd0a19be0b"
            },
            "dist": {
                "type": "zip",
                "url": "https://api.github.com/repos/sebastianbergmann/php-code-coverage/zipball/fe2466802556d3fe4e4d1d58ffd3ccfd0a19be0b",
                "reference": "fe2466802556d3fe4e4d1d58ffd3ccfd0a19be0b",
                "shasum": ""
            },
            "require": {
                "php": ">=5.3.3",
                "phpunit/php-file-iterator": ">=1.3.0@stable",
                "phpunit/php-text-template": ">=1.2.0@stable",
                "phpunit/php-token-stream": ">=1.1.3,<1.3.0"
            },
            "require-dev": {
                "phpunit/phpunit": "3.7.*@dev"
            },
            "suggest": {
                "ext-dom": "*",
                "ext-xdebug": ">=2.0.5"
            },
            "type": "library",
            "extra": {
                "branch-alias": {
                    "dev-master": "1.2.x-dev"
                }
            },
            "autoload": {
                "classmap": [
                    "PHP/"
                ]
            },
            "notification-url": "https://packagist.org/downloads/",
            "include-path": [
                ""
            ],
            "license": [
                "BSD-3-Clause"
            ],
            "authors": [
                {
                    "name": "Sebastian Bergmann",
                    "email": "sb@sebastian-bergmann.de",
                    "role": "lead"
                }
            ],
            "description": "Library that provides collection, processing, and rendering functionality for PHP code coverage information.",
            "homepage": "https://github.com/sebastianbergmann/php-code-coverage",
            "keywords": [
                "coverage",
                "testing",
                "xunit"
            ],
            "time": "2014-09-02T10:13:14+00:00"
        },
        {
            "name": "phpunit/php-file-iterator",
            "version": "1.4.2",
            "source": {
                "type": "git",
                "url": "https://github.com/sebastianbergmann/php-file-iterator.git",
                "reference": "3cc8f69b3028d0f96a9078e6295d86e9bf019be5"
            },
            "dist": {
                "type": "zip",
                "url": "https://api.github.com/repos/sebastianbergmann/php-file-iterator/zipball/3cc8f69b3028d0f96a9078e6295d86e9bf019be5",
                "reference": "3cc8f69b3028d0f96a9078e6295d86e9bf019be5",
                "shasum": ""
            },
            "require": {
                "php": ">=5.3.3"
            },
            "type": "library",
            "extra": {
                "branch-alias": {
                    "dev-master": "1.4.x-dev"
                }
            },
            "autoload": {
                "classmap": [
                    "src/"
                ]
            },
            "notification-url": "https://packagist.org/downloads/",
            "license": [
                "BSD-3-Clause"
            ],
            "authors": [
                {
                    "name": "Sebastian Bergmann",
                    "email": "sb@sebastian-bergmann.de",
                    "role": "lead"
                }
            ],
            "description": "FilterIterator implementation that filters files based on a list of suffixes.",
            "homepage": "https://github.com/sebastianbergmann/php-file-iterator/",
            "keywords": [
                "filesystem",
                "iterator"
            ],
            "time": "2016-10-03T07:40:28+00:00"
        },
        {
            "name": "phpunit/php-text-template",
            "version": "1.2.1",
            "source": {
                "type": "git",
                "url": "https://github.com/sebastianbergmann/php-text-template.git",
                "reference": "31f8b717e51d9a2afca6c9f046f5d69fc27c8686"
            },
            "dist": {
                "type": "zip",
                "url": "https://api.github.com/repos/sebastianbergmann/php-text-template/zipball/31f8b717e51d9a2afca6c9f046f5d69fc27c8686",
                "reference": "31f8b717e51d9a2afca6c9f046f5d69fc27c8686",
                "shasum": ""
            },
            "require": {
                "php": ">=5.3.3"
            },
            "type": "library",
            "autoload": {
                "classmap": [
                    "src/"
                ]
            },
            "notification-url": "https://packagist.org/downloads/",
            "license": [
                "BSD-3-Clause"
            ],
            "authors": [
                {
                    "name": "Sebastian Bergmann",
                    "email": "sebastian@phpunit.de",
                    "role": "lead"
                }
            ],
            "description": "Simple template engine.",
            "homepage": "https://github.com/sebastianbergmann/php-text-template/",
            "keywords": [
                "template"
            ],
            "time": "2015-06-21T13:50:34+00:00"
        },
        {
            "name": "phpunit/php-timer",
            "version": "1.0.9",
            "source": {
                "type": "git",
                "url": "https://github.com/sebastianbergmann/php-timer.git",
                "reference": "3dcf38ca72b158baf0bc245e9184d3fdffa9c46f"
            },
            "dist": {
                "type": "zip",
                "url": "https://api.github.com/repos/sebastianbergmann/php-timer/zipball/3dcf38ca72b158baf0bc245e9184d3fdffa9c46f",
                "reference": "3dcf38ca72b158baf0bc245e9184d3fdffa9c46f",
                "shasum": ""
            },
            "require": {
                "php": "^5.3.3 || ^7.0"
            },
            "require-dev": {
                "phpunit/phpunit": "^4.8.35 || ^5.7 || ^6.0"
            },
            "type": "library",
            "extra": {
                "branch-alias": {
                    "dev-master": "1.0-dev"
                }
            },
            "autoload": {
                "classmap": [
                    "src/"
                ]
            },
            "notification-url": "https://packagist.org/downloads/",
            "license": [
                "BSD-3-Clause"
            ],
            "authors": [
                {
                    "name": "Sebastian Bergmann",
                    "email": "sb@sebastian-bergmann.de",
                    "role": "lead"
                }
            ],
            "description": "Utility class for timing",
            "homepage": "https://github.com/sebastianbergmann/php-timer/",
            "keywords": [
                "timer"
            ],
            "time": "2017-02-26T11:10:40+00:00"
        },
        {
            "name": "phpunit/php-token-stream",
            "version": "1.2.2",
            "source": {
                "type": "git",
                "url": "https://github.com/sebastianbergmann/php-token-stream.git",
                "reference": "ad4e1e23ae01b483c16f600ff1bebec184588e32"
            },
            "dist": {
                "type": "zip",
                "url": "https://api.github.com/repos/sebastianbergmann/php-token-stream/zipball/ad4e1e23ae01b483c16f600ff1bebec184588e32",
                "reference": "ad4e1e23ae01b483c16f600ff1bebec184588e32",
                "shasum": ""
            },
            "require": {
                "ext-tokenizer": "*",
                "php": ">=5.3.3"
            },
            "type": "library",
            "extra": {
                "branch-alias": {
                    "dev-master": "1.2-dev"
                }
            },
            "autoload": {
                "classmap": [
                    "PHP/"
                ]
            },
            "notification-url": "https://packagist.org/downloads/",
            "include-path": [
                ""
            ],
            "license": [
                "BSD-3-Clause"
            ],
            "authors": [
                {
                    "name": "Sebastian Bergmann",
                    "email": "sb@sebastian-bergmann.de",
                    "role": "lead"
                }
            ],
            "description": "Wrapper around PHP's tokenizer extension.",
            "homepage": "https://github.com/sebastianbergmann/php-token-stream/",
            "keywords": [
                "tokenizer"
            ],
            "time": "2014-03-03T05:10:30+00:00"
        },
        {
            "name": "phpunit/phpunit",
            "version": "3.7.38",
            "source": {
                "type": "git",
                "url": "https://github.com/sebastianbergmann/phpunit.git",
                "reference": "38709dc22d519a3d1be46849868aa2ddf822bcf6"
            },
            "dist": {
                "type": "zip",
                "url": "https://api.github.com/repos/sebastianbergmann/phpunit/zipball/38709dc22d519a3d1be46849868aa2ddf822bcf6",
                "reference": "38709dc22d519a3d1be46849868aa2ddf822bcf6",
                "shasum": ""
            },
            "require": {
                "ext-ctype": "*",
                "ext-dom": "*",
                "ext-json": "*",
                "ext-pcre": "*",
                "ext-reflection": "*",
                "ext-spl": "*",
                "php": ">=5.3.3",
                "phpunit/php-code-coverage": "~1.2",
                "phpunit/php-file-iterator": "~1.3",
                "phpunit/php-text-template": "~1.1",
                "phpunit/php-timer": "~1.0",
                "phpunit/phpunit-mock-objects": "~1.2",
                "symfony/yaml": "~2.0"
            },
            "require-dev": {
                "pear-pear.php.net/pear": "1.9.4"
            },
            "suggest": {
                "phpunit/php-invoker": "~1.1"
            },
            "bin": [
                "composer/bin/phpunit"
            ],
            "type": "library",
            "extra": {
                "branch-alias": {
                    "dev-master": "3.7.x-dev"
                }
            },
            "autoload": {
                "classmap": [
                    "PHPUnit/"
                ]
            },
            "notification-url": "https://packagist.org/downloads/",
            "include-path": [
                "",
                "../../symfony/yaml/"
            ],
            "license": [
                "BSD-3-Clause"
            ],
            "authors": [
                {
                    "name": "Sebastian Bergmann",
                    "email": "sebastian@phpunit.de",
                    "role": "lead"
                }
            ],
            "description": "The PHP Unit Testing framework.",
            "homepage": "http://www.phpunit.de/",
            "keywords": [
                "phpunit",
                "testing",
                "xunit"
            ],
            "time": "2014-10-17T09:04:17+00:00"
        },
        {
            "name": "phpunit/phpunit-mock-objects",
            "version": "1.2.3",
            "source": {
                "type": "git",
                "url": "https://github.com/sebastianbergmann/phpunit-mock-objects.git",
                "reference": "5794e3c5c5ba0fb037b11d8151add2a07fa82875"
            },
            "dist": {
                "type": "zip",
                "url": "https://api.github.com/repos/sebastianbergmann/phpunit-mock-objects/zipball/5794e3c5c5ba0fb037b11d8151add2a07fa82875",
                "reference": "5794e3c5c5ba0fb037b11d8151add2a07fa82875",
                "shasum": ""
            },
            "require": {
                "php": ">=5.3.3",
                "phpunit/php-text-template": ">=1.1.1@stable"
            },
            "suggest": {
                "ext-soap": "*"
            },
            "type": "library",
            "autoload": {
                "classmap": [
                    "PHPUnit/"
                ]
            },
            "notification-url": "https://packagist.org/downloads/",
            "include-path": [
                ""
            ],
            "license": [
                "BSD-3-Clause"
            ],
            "authors": [
                {
                    "name": "Sebastian Bergmann",
                    "email": "sb@sebastian-bergmann.de",
                    "role": "lead"
                }
            ],
            "description": "Mock Object library for PHPUnit",
            "homepage": "https://github.com/sebastianbergmann/phpunit-mock-objects/",
            "keywords": [
                "mock",
                "xunit"
            ],
            "time": "2013-01-13T10:24:48+00:00"
        },
        {
            "name": "symfony/yaml",
            "version": "v2.8.18",
            "source": {
                "type": "git",
                "url": "https://github.com/symfony/yaml.git",
                "reference": "2a7bab3c16f6f452c47818fdd08f3b1e49ffcf7d"
            },
            "dist": {
                "type": "zip",
                "url": "https://api.github.com/repos/symfony/yaml/zipball/2a7bab3c16f6f452c47818fdd08f3b1e49ffcf7d",
                "reference": "2a7bab3c16f6f452c47818fdd08f3b1e49ffcf7d",
                "shasum": ""
            },
            "require": {
                "php": ">=5.3.9"
            },
            "type": "library",
            "extra": {
                "branch-alias": {
                    "dev-master": "2.8-dev"
                }
            },
            "autoload": {
                "psr-4": {
                    "Symfony\\Component\\Yaml\\": ""
                },
                "exclude-from-classmap": [
                    "/Tests/"
                ]
            },
            "notification-url": "https://packagist.org/downloads/",
            "license": [
                "MIT"
            ],
            "authors": [
                {
                    "name": "Fabien Potencier",
                    "email": "fabien@symfony.com"
                },
                {
                    "name": "Symfony Community",
                    "homepage": "https://symfony.com/contributors"
                }
            ],
            "description": "Symfony Yaml Component",
            "homepage": "https://symfony.com",
            "time": "2017-03-01T18:13:50+00:00"
        }
    ],
    "aliases": [],
    "minimum-stability": "dev",
    "stability-flags": {
        "psukhedelos/silverstripe-pocketwatch": 20,
        "phpunit/phpunit": 0
    },
    "prefer-stable": true,
    "prefer-lowest": false,
    "platform": {
        "php": ">=5.3.3"
    },
    "platform-dev": []
}
